
Microsoft Visual Studio Solution File, Format Version 12.00
# Visual Studio Version 16
VisualStudioVersion = 16.0.30804.86
MinimumVisualStudioVersion = 10.0.40219.1
Project("{FAE04EC0-301F-11D3-BF4B-00C04F79EFBC}") = "AreaRetangulo", "AreaRetangulo\AreaRetangulo.csproj", "{95610670-6066-4EA9-872E-492B2C08CDA4}"
EndProject
Global
	GlobalSection(SolutionConfigurationPlatforms) = preSolution
		Debug|Any CPU = Debug|Any CPU
		Release|Any CPU = Release|Any CPU
	EndGlobalSection
	GlobalSection(ProjectConfigurationPlatforms) = postSolution
		{95610670-6066-4EA9-872E-492B2C08CDA4}.Debug|Any CPU.ActiveCfg = Debug|Any CPU
		{95610670-6066-4EA9-872E-492B2C08CDA4}.Debug|Any CPU.Build.0 = Debug|Any CPU
		{95610670-6066-4EA9-872E-492B2C08CDA4}.Release|Any CPU.ActiveCfg = Release|Any CPU
		{95610670-6066-4EA9-872E-492B2C08CDA4}.Release|Any CPU.Build.0 = Release|Any CPU
	EndGlobalSection
	GlobalSection(SolutionProperties) = preSolution
		HideSolutionNode = FALSE
	EndGlobalSection
	GlobalSection(ExtensibilityGlobals) = postSolution
		SolutionGuid = {C3D1CFD9-39E8-4B2B-A5E7-DB235B58C618}
	EndGlobalSection
EndGlobal
