
Microsoft Visual Studio Solution File, Format Version 12.00
# Visual Studio Version 16
VisualStudioVersion = 16.0.30804.86
MinimumVisualStudioVersion = 10.0.40219.1
Project("{FAE04EC0-301F-11D3-BF4B-00C04F79EFBC}") = "Exercicio_ClasseEstatica", "Exercicio_ClasseEstatica\Exercicio_ClasseEstatica.csproj", "{09C2A01C-1C2E-45D0-833E-598D166DFBDA}"
EndProject
Global
	GlobalSection(SolutionConfigurationPlatforms) = preSolution
		Debug|Any CPU = Debug|Any CPU
		Release|Any CPU = Release|Any CPU
	EndGlobalSection
	GlobalSection(ProjectConfigurationPlatforms) = postSolution
		{09C2A01C-1C2E-45D0-833E-598D166DFBDA}.Debug|Any CPU.ActiveCfg = Debug|Any CPU
		{09C2A01C-1C2E-45D0-833E-598D166DFBDA}.Debug|Any CPU.Build.0 = Debug|Any CPU
		{09C2A01C-1C2E-45D0-833E-598D166DFBDA}.Release|Any CPU.ActiveCfg = Release|Any CPU
		{09C2A01C-1C2E-45D0-833E-598D166DFBDA}.Release|Any CPU.Build.0 = Release|Any CPU
	EndGlobalSection
	GlobalSection(SolutionProperties) = preSolution
		HideSolutionNode = FALSE
	EndGlobalSection
	GlobalSection(ExtensibilityGlobals) = postSolution
		SolutionGuid = {9EE5681E-E514-42D5-AC14-141D1B865405}
	EndGlobalSection
EndGlobal
